{
  "name": "lightweight-meal-planner",
  "lockfileVersion": 3,
  "requires": true,
  "packages": {
    "": {
      "dependencies": {
        "bootstrap": "^5.3.8",
        "datatables.net": "^2.3.3",
        "datatables.net-bs5": "^2.3.3",
        "jquery": "^3.7.1"
      },
      "devDependencies": {
        "@types/bootstrap": "^5.2.10",
        "@types/datatables.net": "^1.10.28",
        "@types/datatables.net-select": "^1.2.10",
        "@types/jquery": "^3.5.33",
        "@types/select2": "^4.0.63",
        "@types/sortablejs": "^1.15.8"
      }
    },
    "node_modules/@popperjs/core": {
      "version": "2.11.8",
      "resolved": "https://registry.npmjs.org/@popperjs/core/-/core-2.11.8.tgz",
      "integrity": "sha512-P1st0aksCrn9sGZhp8GMYwBnQsbvAWsZAX44oXNNvLHGqAOcoVxmjZiohstwQ7SqKnbR47akdNi+uleWD8+g6A==",
      "license": "MIT",
      "funding": {
        "type": "opencollective",
        "url": "https://opencollective.com/popperjs"
      }
    },
    "node_modules/@types/bootstrap": {
      "version": "5.2.10",
      "resolved": "https://registry.npmjs.org/@types/bootstrap/-/bootstrap-5.2.10.tgz",
      "integrity": "sha512-F2X+cd6551tep0MvVZ6nM8v7XgGN/twpdNDjqS1TUM7YFNEtQYWk+dKAnH+T1gr6QgCoGMPl487xw/9hXooa2g==",
      "dev": true,
      "license": "MIT",
      "dependencies": {
        "@popperjs/core": "^2.9.2"
      }
    },
    "node_modules/@types/datatables.net": {
      "version": "1.10.28",
      "resolved": "https://registry.npmjs.org/@types/datatables.net/-/datatables.net-1.10.28.tgz",
      "integrity": "sha512-Y6SZZCdJt7vXROaTBc/ifwhAqSBg7V0urM+RqZt3Tj9JN1U8KSgQ7EKpFG88g/j4MVrlYDfSH+yqSnK0MaIwMw==",
      "dev": true,
      "license": "MIT",
      "dependencies": {
        "@types/jquery": "*"
      }
    },
    "node_modules/@types/datatables.net-select": {
      "version": "1.2.10",
      "resolved": "https://registry.npmjs.org/@types/datatables.net-select/-/datatables.net-select-1.2.10.tgz",
      "integrity": "sha512-8NFi49zRIuBUv9ffun2fCNgOhHLWLb/T4HNs3aFaRCtUvhrPf3TqkWiYqrUMAlUoc/ExRNcX6KgZH9GwzXAgbw==",
      "dev": true,
      "license": "MIT",
      "dependencies": {
        "@types/datatables.net": "*",
        "@types/jquery": "*"
      }
    },
    "node_modules/@types/jquery": {
      "version": "3.5.33",
      "resolved": "https://registry.npmjs.org/@types/jquery/-/jquery-3.5.33.tgz",
      "integrity": "sha512-SeyVJXlCZpEki5F0ghuYe+L+PprQta6nRZqhONt9F13dWBtR/ftoaIbdRQ7cis7womE+X2LKhsDdDtkkDhJS6g==",
      "dev": true,
      "license": "MIT",
      "dependencies": {
        "@types/sizzle": "*"
      }
    },
    "node_modules/@types/select2": {
      "version": "4.0.63",
      "resolved": "https://registry.npmjs.org/@types/select2/-/select2-4.0.63.tgz",
      "integrity": "sha512-/DXUfPSj3iVTGlRYRYPCFKKSogAGP/j+Z0fIMXbBiBtmmZj0WH7vnfNuckafq9C43KnqPPQW2TI/Rj/vTSGnQQ==",
      "dev": true,
      "license": "MIT",
      "dependencies": {
        "@types/jquery": "*"
      }
    },
    "node_modules/@types/sizzle": {
      "version": "2.3.9",
      "resolved": "https://registry.npmjs.org/@types/sizzle/-/sizzle-2.3.9.tgz",
      "integrity": "sha512-xzLEyKB50yqCUPUJkIsrVvoWNfFUbIZI+RspLWt8u+tIW/BetMBZtgV2LY/2o+tYH8dRvQ+eoPf3NdhQCcLE2w==",
      "dev": true,
      "license": "MIT"
    },
    "node_modules/@types/sortablejs": {
      "version": "1.15.8",
      "resolved": "https://registry.npmjs.org/@types/sortablejs/-/sortablejs-1.15.8.tgz",
      "integrity": "sha512-b79830lW+RZfwaztgs1aVPgbasJ8e7AXtZYHTELNXZPsERt4ymJdjV4OccDbHQAvHrCcFpbF78jkm0R6h/pZVg==",
      "dev": true,
      "license": "MIT"
    },
    "node_modules/bootstrap": {
      "version": "5.3.8",
      "resolved": "https://registry.npmjs.org/bootstrap/-/bootstrap-5.3.8.tgz",
      "integrity": "sha512-HP1SZDqaLDPwsNiqRqi5NcP0SSXciX2s9E+RyqJIIqGo+vJeN5AJVM98CXmW/Wux0nQ5L7jeWUdplCEf0Ee+tg==",
      "funding": [
        {
          "type": "github",
          "url": "https://github.com/sponsors/twbs"
        },
        {
          "type": "opencollective",
          "url": "https://opencollective.com/bootstrap"
        }
      ],
      "license": "MIT",
      "peerDependencies": {
        "@popperjs/core": "^2.11.8"
      }
    },
    "node_modules/datatables.net": {
      "version": "2.3.3",
      "resolved": "https://registry.npmjs.org/datatables.net/-/datatables.net-2.3.3.tgz",
      "integrity": "sha512-SWL3za6nheY6gdoiLgCc++tYmxbwrmv2bjrEiII9rXBWXXSbOZct6pjR3FueMVRM5jmt7pQcXiGovfuFDnutQg==",
      "license": "MIT",
      "dependencies": {
        "jquery": ">=1.7"
      }
    },
    "node_modules/datatables.net-bs5": {
      "version": "2.3.3",
      "resolved": "https://registry.npmjs.org/datatables.net-bs5/-/datatables.net-bs5-2.3.3.tgz",
      "integrity": "sha512-IPtC57k3KyZaLzIYTHies23Cm2zqaKfD6lkxy/aOAUUAtsg35l53VqNY9y84AEySYG3YLghMHVBvl2ckUhvm0A==",
      "license": "MIT",
      "dependencies": {
        "datatables.net": "2.3.3",
        "jquery": ">=1.7"
      }
    },
    "node_modules/jquery": {
      "version": "3.7.1",
      "resolved": "https://registry.npmjs.org/jquery/-/jquery-3.7.1.tgz",
      "integrity": "sha512-m4avr8yL8kmFN8psrbFFFmB/If14iN5o9nw/NgnnM+kybDJpRsAynV2BsfpTYrTRysYUdADVD7CkUUizgkpLfg==",
      "license": "MIT"
    }
  }
}
